
Microsoft Visual Studio Solution File, Format Version 12.00
# Visual Studio Version 17
VisualStudioVersion = 17.4.33122.133
MinimumVisualStudioVersion = 10.0.40219.1
Project("{FAE04EC0-301F-11D3-BF4B-00C04F79EFBC}") = "kutuphane", "kutuphane\kutuphane.csproj", "{5F2B01CC-9286-45C1-A065-858BAE0DAEC4}"
EndProject
Project("{FAE04EC0-301F-11D3-BF4B-00C04F79EFBC}") = "kutuphaneUI", "kutuphaneUI\kutuphaneUI.csproj", "{C6ECFCB2-598E-47CC-826E-F839CD250FAB}"
EndProject
Global
	GlobalSection(SolutionConfigurationPlatforms) = preSolution
		Debug|Any CPU = Debug|Any CPU
		Release|Any CPU = Release|Any CPU
	EndGlobalSection
	GlobalSection(ProjectConfigurationPlatforms) = postSolution
		{5F2B01CC-9286-45C1-A065-858BAE0DAEC4}.Debug|Any CPU.ActiveCfg = Debug|Any CPU
		{5F2B01CC-9286-45C1-A065-858BAE0DAEC4}.Debug|Any CPU.Build.0 = Debug|Any CPU
		{5F2B01CC-9286-45C1-A065-858BAE0DAEC4}.Release|Any CPU.ActiveCfg = Release|Any CPU
		{5F2B01CC-9286-45C1-A065-858BAE0DAEC4}.Release|Any CPU.Build.0 = Release|Any CPU
		{C6ECFCB2-598E-47CC-826E-F839CD250FAB}.Debug|Any CPU.ActiveCfg = Debug|Any CPU
		{C6ECFCB2-598E-47CC-826E-F839CD250FAB}.Debug|Any CPU.Build.0 = Debug|Any CPU
		{C6ECFCB2-598E-47CC-826E-F839CD250FAB}.Release|Any CPU.ActiveCfg = Release|Any CPU
		{C6ECFCB2-598E-47CC-826E-F839CD250FAB}.Release|Any CPU.Build.0 = Release|Any CPU
	EndGlobalSection
	GlobalSection(SolutionProperties) = preSolution
		HideSolutionNode = FALSE
	EndGlobalSection
	GlobalSection(ExtensibilityGlobals) = postSolution
		SolutionGuid = {7788F532-8525-4210-B107-B89BE0A7FE81}
	EndGlobalSection
EndGlobal
